
Microsoft Visual Studio Solution File, Format Version 12.00
# Visual Studio Version 16
VisualStudioVersion = 16.0.30406.217
MinimumVisualStudioVersion = 10.0.40219.1
Project("{FAE04EC0-301F-11D3-BF4B-00C04F79EFBC}") = "Vaida_Sabina_Lab8", "Vaida_Sabina_Lab8.csproj", "{A7BCA3C3-A8F0-4D4F-BE30-D309BAC219F3}"
EndProject
Global
	GlobalSection(SolutionConfigurationPlatforms) = preSolution
		Debug|Any CPU = Debug|Any CPU
		Release|Any CPU = Release|Any CPU
	EndGlobalSection
	GlobalSection(ProjectConfigurationPlatforms) = postSolution
		{A7BCA3C3-A8F0-4D4F-BE30-D309BAC219F3}.Debug|Any CPU.ActiveCfg = Debug|Any CPU
		{A7BCA3C3-A8F0-4D4F-BE30-D309BAC219F3}.Debug|Any CPU.Build.0 = Debug|Any CPU
		{A7BCA3C3-A8F0-4D4F-BE30-D309BAC219F3}.Release|Any CPU.ActiveCfg = Release|Any CPU
		{A7BCA3C3-A8F0-4D4F-BE30-D309BAC219F3}.Release|Any CPU.Build.0 = Release|Any CPU
	EndGlobalSection
	GlobalSection(SolutionProperties) = preSolution
		HideSolutionNode = FALSE
	EndGlobalSection
	GlobalSection(ExtensibilityGlobals) = postSolution
		SolutionGuid = {2654D65F-A229-4991-A96F-F7424B884D4B}
	EndGlobalSection
EndGlobal
